
Microsoft Visual Studio Solution File, Format Version 12.00
# Visual Studio 2015
Project("{FAE04EC0-301F-11D3-BF4B-00C04F79EFBC}") = "Space Race Alpha", "Space Race Alpha.csproj", "{6CCCB324-73CE-C99A-320F-D442680FEBBF}"
EndProject
Project("{FAE04EC0-301F-11D3-BF4B-00C04F79EFBC}") = "Space Race Alpha.Editor", "Space Race Alpha.Editor.csproj", "{62BE2C90-9A13-8147-F3ED-1C2BCE264286}"
EndProject
Global
	GlobalSection(SolutionConfigurationPlatforms) = preSolution
		Debug|Any CPU = Debug|Any CPU
		Release|Any CPU = Release|Any CPU
	EndGlobalSection
	GlobalSection(ProjectConfigurationPlatforms) = postSolution
		{6CCCB324-73CE-C99A-320F-D442680FEBBF}.Debug|Any CPU.ActiveCfg = Debug|Any CPU
		{6CCCB324-73CE-C99A-320F-D442680FEBBF}.Debug|Any CPU.Build.0 = Debug|Any CPU
		{6CCCB324-73CE-C99A-320F-D442680FEBBF}.Release|Any CPU.ActiveCfg = Release|Any CPU
		{6CCCB324-73CE-C99A-320F-D442680FEBBF}.Release|Any CPU.Build.0 = Release|Any CPU
		{62BE2C90-9A13-8147-F3ED-1C2BCE264286}.Debug|Any CPU.ActiveCfg = Debug|Any CPU
		{62BE2C90-9A13-8147-F3ED-1C2BCE264286}.Debug|Any CPU.Build.0 = Debug|Any CPU
		{62BE2C90-9A13-8147-F3ED-1C2BCE264286}.Release|Any CPU.ActiveCfg = Release|Any CPU
		{62BE2C90-9A13-8147-F3ED-1C2BCE264286}.Release|Any CPU.Build.0 = Release|Any CPU
	EndGlobalSection
	GlobalSection(SolutionProperties) = preSolution
		HideSolutionNode = FALSE
	EndGlobalSection
EndGlobal
